{
  "lockfileVersion": 1,
  "workspaces": {
    "": {
      "name": "miller",
      "dependencies": {
        "@modelcontextprotocol/sdk": "^1.0.0",
        "chokidar": "^3.5.3",
        "minisearch": "^6.3.0",
        "tree-sitter-c": "^0.23.0",
        "tree-sitter-c-sharp": "^0.23.0",
        "tree-sitter-cpp": "^0.23.1",
        "tree-sitter-css": "^0.23.0",
        "tree-sitter-go": "^0.23.4",
        "tree-sitter-html": "^0.23.2",
        "tree-sitter-java": "^0.23.5",
        "tree-sitter-javascript": "^0.25.0",
        "tree-sitter-kotlin": "^0.3.8",
        "tree-sitter-php": "^0.23.4",
        "tree-sitter-python": "^0.23.6",
        "tree-sitter-regex": "^0.23.0",
        "tree-sitter-ruby": "^0.23.1",
        "tree-sitter-rust": "^0.24.0",
        "tree-sitter-swift": "^0.7.1",
        "tree-sitter-typescript": "^0.23.2",
        "tree-sitter-vue": "^0.2.1",
        "web-tree-sitter": "0.25.9",
        "zod": "^4.1.9",
      },
      "devDependencies": {
        "bun-types": "latest",
      },
    },
  },
  "packages": {
    "@modelcontextprotocol/sdk": ["@modelcontextprotocol/sdk@1.18.1", "https://pkgs.dev.azure.com/childrensal/_packaging/COA-NPM-Packages/npm/registry/@modelcontextprotocol/sdk/-/sdk-1.18.1.tgz", { "dependencies": { "ajv": "^6.12.6", "content-type": "^1.0.5", "cors": "^2.8.5", "cross-spawn": "^7.0.5", "eventsource": "^3.0.2", "eventsource-parser": "^3.0.0", "express": "^5.0.1", "express-rate-limit": "^7.5.0", "pkce-challenge": "^5.0.0", "raw-body": "^3.0.0", "zod": "^3.23.8", "zod-to-json-schema": "^3.24.1" } }, "sha1-zcfggJMZsEZlmbk/v2Vdr6n0nOs="],

    "@types/node": ["@types/node@24.5.2", "https://pkgs.dev.azure.com/childrensal/_packaging/COA-NPM-Packages/npm/registry/@types/node/-/node-24.5.2.tgz", { "dependencies": { "undici-types": "~7.12.0" } }, "sha1-Us64P1D+D8/fvSqfq22y6efvZEY="],

    "@types/react": ["@types/react@19.1.13", "https://pkgs.dev.azure.com/childrensal/_packaging/COA-NPM-Packages/npm/registry/@types/react/-/react-19.1.13.tgz", { "dependencies": { "csstype": "^3.0.2" } }, "sha1-/GUP+mgNc5olpTD11+vgDN13GIM="],

    "accepts": ["accepts@2.0.0", "https://pkgs.dev.azure.com/childrensal/_packaging/COA-NPM-Packages/npm/registry/accepts/-/accepts-2.0.0.tgz", { "dependencies": { "mime-types": "^3.0.0", "negotiator": "^1.0.0" } }, "sha1-u89LpQdUZ/PyEx6rPP/HPC9deJU="],

    "ajv": ["ajv@6.12.6", "https://pkgs.dev.azure.com/childrensal/_packaging/COA-NPM-Packages/npm/registry/ajv/-/ajv-6.12.6.tgz", { "dependencies": { "fast-deep-equal": "^3.1.1", "fast-json-stable-stringify": "^2.0.0", "json-schema-traverse": "^0.4.1", "uri-js": "^4.2.2" } }, "sha1-uvWmLoArB9l3A0WG+MO69a3ybfQ="],

    "anymatch": ["anymatch@3.1.3", "https://pkgs.dev.azure.com/childrensal/_packaging/COA-NPM-Packages/npm/registry/anymatch/-/anymatch-3.1.3.tgz", { "dependencies": { "normalize-path": "^3.0.0", "picomatch": "^2.0.4" } }, "sha1-eQxYsZuhcgqEIFtXxhjVrYUklz4="],

    "base64-js": ["base64-js@1.5.1", "https://pkgs.dev.azure.com/childrensal/_packaging/COA-NPM-Packages/npm/registry/base64-js/-/base64-js-1.5.1.tgz", {}, "sha1-GxtEAWClv3rUC2UPCVljSBkDkwo="],

    "binary-extensions": ["binary-extensions@2.3.0", "https://pkgs.dev.azure.com/childrensal/_packaging/COA-NPM-Packages/npm/registry/binary-extensions/-/binary-extensions-2.3.0.tgz", {}, "sha1-9uFKl4WNMnJSIAJC1Mz+UixEVSI="],

    "bl": ["bl@4.1.0", "https://pkgs.dev.azure.com/childrensal/_packaging/COA-NPM-Packages/npm/registry/bl/-/bl-4.1.0.tgz", { "dependencies": { "buffer": "^5.5.0", "inherits": "^2.0.4", "readable-stream": "^3.4.0" } }, "sha1-RRU1JkGCvsL7vIOmKrmM8R2fezo="],

    "body-parser": ["body-parser@2.2.0", "https://pkgs.dev.azure.com/childrensal/_packaging/COA-NPM-Packages/npm/registry/body-parser/-/body-parser-2.2.0.tgz", { "dependencies": { "bytes": "^3.1.2", "content-type": "^1.0.5", "debug": "^4.4.0", "http-errors": "^2.0.0", "iconv-lite": "^0.6.3", "on-finished": "^2.4.1", "qs": "^6.14.0", "raw-body": "^3.0.0", "type-is": "^2.0.0" } }, "sha1-96llbeMFJJpxW1Sbe4/Rq5393Po="],

    "braces": ["braces@3.0.3", "https://pkgs.dev.azure.com/childrensal/_packaging/COA-NPM-Packages/npm/registry/braces/-/braces-3.0.3.tgz", { "dependencies": { "fill-range": "^7.1.1" } }, "sha1-SQMy9AkZRSJy1VqEgK3AxEE1h4k="],

    "buffer": ["buffer@5.7.1", "https://pkgs.dev.azure.com/childrensal/_packaging/COA-NPM-Packages/npm/registry/buffer/-/buffer-5.7.1.tgz", { "dependencies": { "base64-js": "^1.3.1", "ieee754": "^1.1.13" } }, "sha1-umLnwTEzBTWCGXFghRqPZI6Z7tA="],

    "bun-types": ["bun-types@1.2.22", "https://pkgs.dev.azure.com/childrensal/_packaging/COA-NPM-Packages/npm/registry/bun-types/-/bun-types-1.2.22.tgz", { "dependencies": { "@types/node": "*" }, "peerDependencies": { "@types/react": "^19" } }, "sha1-xMQzn/2ha6jGN5OAJdCXXaYhO1s="],

    "bytes": ["bytes@3.1.2", "https://pkgs.dev.azure.com/childrensal/_packaging/COA-NPM-Packages/npm/registry/bytes/-/bytes-3.1.2.tgz", {}, "sha1-iwvuuYYFrfGxKPpDhkA8AJ4CIaU="],

    "call-bind-apply-helpers": ["call-bind-apply-helpers@1.0.2", "https://pkgs.dev.azure.com/childrensal/_packaging/COA-NPM-Packages/npm/registry/call-bind-apply-helpers/-/call-bind-apply-helpers-1.0.2.tgz", { "dependencies": { "es-errors": "^1.3.0", "function-bind": "^1.1.2" } }, "sha1-S1QowiK+mF15w9gmV0edvgtZstY="],

    "call-bound": ["call-bound@1.0.4", "https://pkgs.dev.azure.com/childrensal/_packaging/COA-NPM-Packages/npm/registry/call-bound/-/call-bound-1.0.4.tgz", { "dependencies": { "call-bind-apply-helpers": "^1.0.2", "get-intrinsic": "^1.3.0" } }, "sha1-I43pNdKippKSjFOMfM+pEGf9Bio="],

    "chokidar": ["chokidar@3.6.0", "https://pkgs.dev.azure.com/childrensal/_packaging/COA-NPM-Packages/npm/registry/chokidar/-/chokidar-3.6.0.tgz", { "dependencies": { "anymatch": "~3.1.2", "braces": "~3.0.2", "glob-parent": "~5.1.2", "is-binary-path": "~2.1.0", "is-glob": "~4.0.1", "normalize-path": "~3.0.0", "readdirp": "~3.6.0" }, "optionalDependencies": { "fsevents": "~2.3.2" } }, "sha1-GXxsxmnvKo3F57TZfuTgksPrDVs="],

    "chownr": ["chownr@1.1.4", "https://pkgs.dev.azure.com/childrensal/_packaging/COA-NPM-Packages/npm/registry/chownr/-/chownr-1.1.4.tgz", {}, "sha1-b8nXtC0ypYNZYzdmbn0ICE2izGs="],

    "content-disposition": ["content-disposition@1.0.0", "https://pkgs.dev.azure.com/childrensal/_packaging/COA-NPM-Packages/npm/registry/content-disposition/-/content-disposition-1.0.0.tgz", { "dependencies": { "safe-buffer": "5.2.1" } }, "sha1-hEQmyzmPk0yu/LsXIgASa8fOrOI="],

    "content-type": ["content-type@1.0.5", "https://pkgs.dev.azure.com/childrensal/_packaging/COA-NPM-Packages/npm/registry/content-type/-/content-type-1.0.5.tgz", {}, "sha1-i3cxYmVtHRCGeEyPI6VM5tc9eRg="],

    "cookie": ["cookie@0.7.2", "https://pkgs.dev.azure.com/childrensal/_packaging/COA-NPM-Packages/npm/registry/cookie/-/cookie-0.7.2.tgz", {}, "sha1-VWNpxHKiupEPKXmJG1JrNDYjftc="],

    "cookie-signature": ["cookie-signature@1.2.2", "https://pkgs.dev.azure.com/childrensal/_packaging/COA-NPM-Packages/npm/registry/cookie-signature/-/cookie-signature-1.2.2.tgz", {}, "sha1-V8f8PMKTrKuf7FTXPhVpDr5KF5M="],

    "cors": ["cors@2.8.5", "https://pkgs.dev.azure.com/childrensal/_packaging/COA-NPM-Packages/npm/registry/cors/-/cors-2.8.5.tgz", { "dependencies": { "object-assign": "^4", "vary": "^1" } }, "sha1-6sEdpRWS3Ya58G9uesKTs9+HXSk="],

    "cross-spawn": ["cross-spawn@7.0.6", "https://pkgs.dev.azure.com/childrensal/_packaging/COA-NPM-Packages/npm/registry/cross-spawn/-/cross-spawn-7.0.6.tgz", { "dependencies": { "path-key": "^3.1.0", "shebang-command": "^2.0.0", "which": "^2.0.1" } }, "sha1-ilj+ePANzXDDcEUXWd+/rwPo7p8="],

    "csstype": ["csstype@3.1.3", "https://pkgs.dev.azure.com/childrensal/_packaging/COA-NPM-Packages/npm/registry/csstype/-/csstype-3.1.3.tgz", {}, "sha1-2A/ylNEU+w5qxQD7+FtgE31+/4E="],

    "debug": ["debug@4.4.3", "https://pkgs.dev.azure.com/childrensal/_packaging/COA-NPM-Packages/npm/registry/debug/-/debug-4.4.3.tgz", { "dependencies": { "ms": "^2.1.3" } }, "sha1-xq5DLZvZZiWC/OCHCbA4xY6ePWo="],

    "decompress-response": ["decompress-response@6.0.0", "https://pkgs.dev.azure.com/childrensal/_packaging/COA-NPM-Packages/npm/registry/decompress-response/-/decompress-response-6.0.0.tgz", { "dependencies": { "mimic-response": "^3.1.0" } }, "sha1-yjh2Et234QS9FthaqwDV7PCcZvw="],

    "deep-extend": ["deep-extend@0.6.0", "https://pkgs.dev.azure.com/childrensal/_packaging/COA-NPM-Packages/npm/registry/deep-extend/-/deep-extend-0.6.0.tgz", {}, "sha1-xPp8lUBKF6nD6Mp+FTcxK3NjMKw="],

    "depd": ["depd@2.0.0", "https://pkgs.dev.azure.com/childrensal/_packaging/COA-NPM-Packages/npm/registry/depd/-/depd-2.0.0.tgz", {}, "sha1-tpYWPMdXVg0JzyLMj60Vcbeedt8="],

    "detect-libc": ["detect-libc@2.1.0", "https://pkgs.dev.azure.com/childrensal/_packaging/COA-NPM-Packages/npm/registry/detect-libc/-/detect-libc-2.1.0.tgz", {}, "sha1-PKgR9gp7UEsEgOUAitrMZgsLjE8="],

    "dunder-proto": ["dunder-proto@1.0.1", "https://pkgs.dev.azure.com/childrensal/_packaging/COA-NPM-Packages/npm/registry/dunder-proto/-/dunder-proto-1.0.1.tgz", { "dependencies": { "call-bind-apply-helpers": "^1.0.1", "es-errors": "^1.3.0", "gopd": "^1.2.0" } }, "sha1-165mfh3INIL4tw/Q9u78UNow9Yo="],

    "ee-first": ["ee-first@1.1.1", "https://pkgs.dev.azure.com/childrensal/_packaging/COA-NPM-Packages/npm/registry/ee-first/-/ee-first-1.1.1.tgz", {}, "sha1-WQxhFWsK4vTwJVcyoViyZrxWsh0="],

    "encodeurl": ["encodeurl@2.0.0", "https://pkgs.dev.azure.com/childrensal/_packaging/COA-NPM-Packages/npm/registry/encodeurl/-/encodeurl-2.0.0.tgz", {}, "sha1-e46omAd9fkCdOsRUdOo46vCFelg="],

    "end-of-stream": ["end-of-stream@1.4.5", "https://pkgs.dev.azure.com/childrensal/_packaging/COA-NPM-Packages/npm/registry/end-of-stream/-/end-of-stream-1.4.5.tgz", { "dependencies": { "once": "^1.4.0" } }, "sha1-c0TXEd6kDgt0q8LtSXeHQ8ztsIw="],

    "es-define-property": ["es-define-property@1.0.1", "https://pkgs.dev.azure.com/childrensal/_packaging/COA-NPM-Packages/npm/registry/es-define-property/-/es-define-property-1.0.1.tgz", {}, "sha1-mD6y+aZyTpMD9hrd8BHHLgngsPo="],

    "es-errors": ["es-errors@1.3.0", "https://pkgs.dev.azure.com/childrensal/_packaging/COA-NPM-Packages/npm/registry/es-errors/-/es-errors-1.3.0.tgz", {}, "sha1-BfdaJdq5jk+x3NXhRywFRtUFfI8="],

    "es-object-atoms": ["es-object-atoms@1.1.1", "https://pkgs.dev.azure.com/childrensal/_packaging/COA-NPM-Packages/npm/registry/es-object-atoms/-/es-object-atoms-1.1.1.tgz", { "dependencies": { "es-errors": "^1.3.0" } }, "sha1-HE8sSDcydZfOadLKGQp/3RcjOME="],

    "escape-html": ["escape-html@1.0.3", "https://pkgs.dev.azure.com/childrensal/_packaging/COA-NPM-Packages/npm/registry/escape-html/-/escape-html-1.0.3.tgz", {}, "sha1-Aljq5NPQwJdN4cFpGI7wBR0dGYg="],

    "etag": ["etag@1.8.1", "https://pkgs.dev.azure.com/childrensal/_packaging/COA-NPM-Packages/npm/registry/etag/-/etag-1.8.1.tgz", {}, "sha1-Qa4u62XvpiJorr/qg6x9eSmbCIc="],

    "eventsource": ["eventsource@3.0.7", "https://pkgs.dev.azure.com/childrensal/_packaging/COA-NPM-Packages/npm/registry/eventsource/-/eventsource-3.0.7.tgz", { "dependencies": { "eventsource-parser": "^3.0.1" } }, "sha1-EVdiLi9Td7tq7yEUNycougwVaYk="],

    "eventsource-parser": ["eventsource-parser@3.0.6", "https://pkgs.dev.azure.com/childrensal/_packaging/COA-NPM-Packages/npm/registry/eventsource-parser/-/eventsource-parser-3.0.6.tgz", {}, "sha1-KS4WXjTKy8k2w8knGe8ybUrrTpA="],

    "expand-template": ["expand-template@2.0.3", "https://pkgs.dev.azure.com/childrensal/_packaging/COA-NPM-Packages/npm/registry/expand-template/-/expand-template-2.0.3.tgz", {}, "sha1-bhSz/O4POmNA7LV9LokYaSBSpHw="],

    "express": ["express@5.1.0", "https://pkgs.dev.azure.com/childrensal/_packaging/COA-NPM-Packages/npm/registry/express/-/express-5.1.0.tgz", { "dependencies": { "accepts": "^2.0.0", "body-parser": "^2.2.0", "content-disposition": "^1.0.0", "content-type": "^1.0.5", "cookie": "^0.7.1", "cookie-signature": "^1.2.1", "debug": "^4.4.0", "encodeurl": "^2.0.0", "escape-html": "^1.0.3", "etag": "^1.8.1", "finalhandler": "^2.1.0", "fresh": "^2.0.0", "http-errors": "^2.0.0", "merge-descriptors": "^2.0.0", "mime-types": "^3.0.0", "on-finished": "^2.4.1", "once": "^1.4.0", "parseurl": "^1.3.3", "proxy-addr": "^2.0.7", "qs": "^6.14.0", "range-parser": "^1.2.1", "router": "^2.2.0", "send": "^1.1.0", "serve-static": "^2.2.0", "statuses": "^2.0.1", "type-is": "^2.0.1", "vary": "^1.1.2" } }, "sha1-0xvq9xWgAW8NU/R9O016zyjHXMk="],

    "express-rate-limit": ["express-rate-limit@7.5.1", "https://pkgs.dev.azure.com/childrensal/_packaging/COA-NPM-Packages/npm/registry/express-rate-limit/-/express-rate-limit-7.5.1.tgz", { "peerDependencies": { "express": ">= 4.11" } }, "sha1-jDpC9pIJo6HJaYkAcOzp4gqHnew="],

    "fast-deep-equal": ["fast-deep-equal@3.1.3", "https://pkgs.dev.azure.com/childrensal/_packaging/COA-NPM-Packages/npm/registry/fast-deep-equal/-/fast-deep-equal-3.1.3.tgz", {}, "sha1-On1WtVnWy8PrUSMlJE5hmmXGxSU="],

    "fast-json-stable-stringify": ["fast-json-stable-stringify@2.1.0", "https://pkgs.dev.azure.com/childrensal/_packaging/COA-NPM-Packages/npm/registry/fast-json-stable-stringify/-/fast-json-stable-stringify-2.1.0.tgz", {}, "sha1-h0v2nG9ATCtdmcSBNBOZ/VWJJjM="],

    "fill-range": ["fill-range@7.1.1", "https://pkgs.dev.azure.com/childrensal/_packaging/COA-NPM-Packages/npm/registry/fill-range/-/fill-range-7.1.1.tgz", { "dependencies": { "to-regex-range": "^5.0.1" } }, "sha1-RCZdPKwH4+p9wkdRY4BkN1SgUpI="],

    "finalhandler": ["finalhandler@2.1.0", "https://pkgs.dev.azure.com/childrensal/_packaging/COA-NPM-Packages/npm/registry/finalhandler/-/finalhandler-2.1.0.tgz", { "dependencies": { "debug": "^4.4.0", "encodeurl": "^2.0.0", "escape-html": "^1.0.3", "on-finished": "^2.4.1", "parseurl": "^1.3.3", "statuses": "^2.0.1" } }, "sha1-cjBjc6qJ0FqCQu1WnthqG/98Vh8="],

    "forwarded": ["forwarded@0.2.0", "https://pkgs.dev.azure.com/childrensal/_packaging/COA-NPM-Packages/npm/registry/forwarded/-/forwarded-0.2.0.tgz", {}, "sha1-ImmTZCiq1MFcfr6XeahL8LKoGBE="],

    "fresh": ["fresh@2.0.0", "https://pkgs.dev.azure.com/childrensal/_packaging/COA-NPM-Packages/npm/registry/fresh/-/fresh-2.0.0.tgz", {}, "sha1-jdffahs6Gzpc8YbAWl3SZ2ImNaQ="],

    "fs-constants": ["fs-constants@1.0.0", "https://pkgs.dev.azure.com/childrensal/_packaging/COA-NPM-Packages/npm/registry/fs-constants/-/fs-constants-1.0.0.tgz", {}, "sha1-a+Dem+mYzhavivwkSXue6bfM2a0="],

    "fsevents": ["fsevents@2.3.3", "https://pkgs.dev.azure.com/childrensal/_packaging/COA-NPM-Packages/npm/registry/fsevents/-/fsevents-2.3.3.tgz", { "os": "darwin" }, "sha1-ysZAd4XQNnWipeGlMFxpezR9kNY="],

    "function-bind": ["function-bind@1.1.2", "https://pkgs.dev.azure.com/childrensal/_packaging/COA-NPM-Packages/npm/registry/function-bind/-/function-bind-1.1.2.tgz", {}, "sha1-LALYZNl/PqbIgwxGTL0Rq26rehw="],

    "get-intrinsic": ["get-intrinsic@1.3.0", "https://pkgs.dev.azure.com/childrensal/_packaging/COA-NPM-Packages/npm/registry/get-intrinsic/-/get-intrinsic-1.3.0.tgz", { "dependencies": { "call-bind-apply-helpers": "^1.0.2", "es-define-property": "^1.0.1", "es-errors": "^1.3.0", "es-object-atoms": "^1.1.1", "function-bind": "^1.1.2", "get-proto": "^1.0.1", "gopd": "^1.2.0", "has-symbols": "^1.1.0", "hasown": "^2.0.2", "math-intrinsics": "^1.1.0" } }, "sha1-dD8OO2lkqTpUke0b/6rgVNf5jQE="],

    "get-proto": ["get-proto@1.0.1", "https://pkgs.dev.azure.com/childrensal/_packaging/COA-NPM-Packages/npm/registry/get-proto/-/get-proto-1.0.1.tgz", { "dependencies": { "dunder-proto": "^1.0.1", "es-object-atoms": "^1.0.0" } }, "sha1-FQs/J0OGnvPoUewMSdFbHRTQDuE="],

    "github-from-package": ["github-from-package@0.0.0", "https://pkgs.dev.azure.com/childrensal/_packaging/COA-NPM-Packages/npm/registry/github-from-package/-/github-from-package-0.0.0.tgz", {}, "sha1-l/tdlr/eiXMxPyDoKI75oWf6ZM4="],

    "glob-parent": ["glob-parent@5.1.2", "https://pkgs.dev.azure.com/childrensal/_packaging/COA-NPM-Packages/npm/registry/glob-parent/-/glob-parent-5.1.2.tgz", { "dependencies": { "is-glob": "^4.0.1" } }, "sha1-hpgyxYA0/mikCTwX3BXoNA2EAcQ="],

    "gopd": ["gopd@1.2.0", "https://pkgs.dev.azure.com/childrensal/_packaging/COA-NPM-Packages/npm/registry/gopd/-/gopd-1.2.0.tgz", {}, "sha1-ifVrghe9vIgCvSmd9tfxCB1+UaE="],

    "has-symbols": ["has-symbols@1.1.0", "https://pkgs.dev.azure.com/childrensal/_packaging/COA-NPM-Packages/npm/registry/has-symbols/-/has-symbols-1.1.0.tgz", {}, "sha1-/JxqeDoISVHQuXH+EBjegTcHozg="],

    "hasown": ["hasown@2.0.2", "https://pkgs.dev.azure.com/childrensal/_packaging/COA-NPM-Packages/npm/registry/hasown/-/hasown-2.0.2.tgz", { "dependencies": { "function-bind": "^1.1.2" } }, "sha1-AD6vkb563DcuhOxZ3DclLO24AAM="],

    "http-errors": ["http-errors@2.0.0", "https://pkgs.dev.azure.com/childrensal/_packaging/COA-NPM-Packages/npm/registry/http-errors/-/http-errors-2.0.0.tgz", { "dependencies": { "depd": "2.0.0", "inherits": "2.0.4", "setprototypeof": "1.2.0", "statuses": "2.0.1", "toidentifier": "1.0.1" } }, "sha1-t3dKFIbvc892Z6ya4IWMASxXudM="],

    "iconv-lite": ["iconv-lite@0.7.0", "https://pkgs.dev.azure.com/childrensal/_packaging/COA-NPM-Packages/npm/registry/iconv-lite/-/iconv-lite-0.7.0.tgz", { "dependencies": { "safer-buffer": ">= 2.1.2 < 3.0.0" } }, "sha1-xQzYDmdGyoEV65h0OvqBqg4Uej4="],

    "ieee754": ["ieee754@1.2.1", "https://pkgs.dev.azure.com/childrensal/_packaging/COA-NPM-Packages/npm/registry/ieee754/-/ieee754-1.2.1.tgz", {}, "sha1-jrehCmP/8l0VpXsAFYbRd9Gw01I="],

    "inherits": ["inherits@2.0.4", "https://pkgs.dev.azure.com/childrensal/_packaging/COA-NPM-Packages/npm/registry/inherits/-/inherits-2.0.4.tgz", {}, "sha1-D6LGT5MpF8NDOg3tVTY6rjdBa3w="],

    "ini": ["ini@1.3.8", "https://pkgs.dev.azure.com/childrensal/_packaging/COA-NPM-Packages/npm/registry/ini/-/ini-1.3.8.tgz", {}, "sha1-op2kJbSIBvNHZ6Tvzjlyaa8oQyw="],

    "ipaddr.js": ["ipaddr.js@1.9.1", "https://pkgs.dev.azure.com/childrensal/_packaging/COA-NPM-Packages/npm/registry/ipaddr.js/-/ipaddr.js-1.9.1.tgz", {}, "sha1-v/OFQ+64mEglB5/zoqjmy9RngbM="],

    "is-binary-path": ["is-binary-path@2.1.0", "https://pkgs.dev.azure.com/childrensal/_packaging/COA-NPM-Packages/npm/registry/is-binary-path/-/is-binary-path-2.1.0.tgz", { "dependencies": { "binary-extensions": "^2.0.0" } }, "sha1-6h9/O4DwZCNug0cPhsCcJU+0Wwk="],

    "is-extglob": ["is-extglob@2.1.1", "https://pkgs.dev.azure.com/childrensal/_packaging/COA-NPM-Packages/npm/registry/is-extglob/-/is-extglob-2.1.1.tgz", {}, "sha1-qIwCU1eR8C7TfHahueqXc8gz+MI="],

    "is-glob": ["is-glob@4.0.3", "https://pkgs.dev.azure.com/childrensal/_packaging/COA-NPM-Packages/npm/registry/is-glob/-/is-glob-4.0.3.tgz", { "dependencies": { "is-extglob": "^2.1.1" } }, "sha1-ZPYeQsu7LuwgcanawLKLoeZdUIQ="],

    "is-number": ["is-number@7.0.0", "https://pkgs.dev.azure.com/childrensal/_packaging/COA-NPM-Packages/npm/registry/is-number/-/is-number-7.0.0.tgz", {}, "sha1-dTU0W4lnNNX4DE0GxQlVUnoU8Ss="],

    "is-promise": ["is-promise@4.0.0", "https://pkgs.dev.azure.com/childrensal/_packaging/COA-NPM-Packages/npm/registry/is-promise/-/is-promise-4.0.0.tgz", {}, "sha1-Qv+fhCBsGZHSbev1IN1cAQQt0vM="],

    "isexe": ["isexe@2.0.0", "https://pkgs.dev.azure.com/childrensal/_packaging/COA-NPM-Packages/npm/registry/isexe/-/isexe-2.0.0.tgz", {}, "sha1-6PvzdNxVb/iUehDcsFctYz8s+hA="],

    "json-schema-traverse": ["json-schema-traverse@0.4.1", "https://pkgs.dev.azure.com/childrensal/_packaging/COA-NPM-Packages/npm/registry/json-schema-traverse/-/json-schema-traverse-0.4.1.tgz", {}, "sha1-afaofZUTq4u4/mO9sJecRI5oRmA="],

    "math-intrinsics": ["math-intrinsics@1.1.0", "https://pkgs.dev.azure.com/childrensal/_packaging/COA-NPM-Packages/npm/registry/math-intrinsics/-/math-intrinsics-1.1.0.tgz", {}, "sha1-oN10voHiqlwvJ+Zc4oNgXuTit/k="],

    "media-typer": ["media-typer@1.1.0", "https://pkgs.dev.azure.com/childrensal/_packaging/COA-NPM-Packages/npm/registry/media-typer/-/media-typer-1.1.0.tgz", {}, "sha1-ardLjy0zIPIGSyqHo455Mf86VWE="],

    "merge-descriptors": ["merge-descriptors@2.0.0", "https://pkgs.dev.azure.com/childrensal/_packaging/COA-NPM-Packages/npm/registry/merge-descriptors/-/merge-descriptors-2.0.0.tgz", {}, "sha1-6pIvZgY1oiSe5WXgRJ+VHmtgOAg="],

    "mime-db": ["mime-db@1.54.0", "https://pkgs.dev.azure.com/childrensal/_packaging/COA-NPM-Packages/npm/registry/mime-db/-/mime-db-1.54.0.tgz", {}, "sha1-zds+5PnGRTDf9kAjZmHULLajFPU="],

    "mime-types": ["mime-types@3.0.1", "https://pkgs.dev.azure.com/childrensal/_packaging/COA-NPM-Packages/npm/registry/mime-types/-/mime-types-3.0.1.tgz", { "dependencies": { "mime-db": "^1.54.0" } }, "sha1-sdlNaZepsy/WnrrtDbc96Ky1Gc4="],

    "mimic-response": ["mimic-response@3.1.0", "https://pkgs.dev.azure.com/childrensal/_packaging/COA-NPM-Packages/npm/registry/mimic-response/-/mimic-response-3.1.0.tgz", {}, "sha1-LR1Zr5wbEpgVrMwsRqAipc4fo8k="],

    "minimist": ["minimist@1.2.8", "https://pkgs.dev.azure.com/childrensal/_packaging/COA-NPM-Packages/npm/registry/minimist/-/minimist-1.2.8.tgz", {}, "sha1-waRk52kzAuCCoHXO4MBXdBrEdyw="],

    "minisearch": ["minisearch@6.3.0", "https://pkgs.dev.azure.com/childrensal/_packaging/COA-NPM-Packages/npm/registry/minisearch/-/minisearch-6.3.0.tgz", {}, "sha1-mFovHKPHPC1lr5TwYWv+VxZLC2s="],

    "mkdirp-classic": ["mkdirp-classic@0.5.3", "https://pkgs.dev.azure.com/childrensal/_packaging/COA-NPM-Packages/npm/registry/mkdirp-classic/-/mkdirp-classic-0.5.3.tgz", {}, "sha1-+hDJEVzG2IZb4iG6R+6b7XhgERM="],

    "ms": ["ms@2.1.3", "https://pkgs.dev.azure.com/childrensal/_packaging/COA-NPM-Packages/npm/registry/ms/-/ms-2.1.3.tgz", {}, "sha1-V0yBOM4dK1hh8LRFedut1gxmFbI="],

    "nan": ["nan@2.23.0", "https://pkgs.dev.azure.com/childrensal/_packaging/COA-NPM-Packages/npm/registry/nan/-/nan-2.23.0.tgz", {}, "sha1-JKpN3/zDdhOi0pNbl2g8Hslgk8Y="],

    "napi-build-utils": ["napi-build-utils@2.0.0", "https://pkgs.dev.azure.com/childrensal/_packaging/COA-NPM-Packages/npm/registry/napi-build-utils/-/napi-build-utils-2.0.0.tgz", {}, "sha1-E8IsAYf8/MzhRhhEE2NypH3cAn4="],

    "negotiator": ["negotiator@1.0.0", "https://pkgs.dev.azure.com/childrensal/_packaging/COA-NPM-Packages/npm/registry/negotiator/-/negotiator-1.0.0.tgz", {}, "sha1-tskbtHFy1p+Tz9fDV7u1KQGbX2o="],

    "node-abi": ["node-abi@3.77.0", "https://pkgs.dev.azure.com/childrensal/_packaging/COA-NPM-Packages/npm/registry/node-abi/-/node-abi-3.77.0.tgz", { "dependencies": { "semver": "^7.3.5" } }, "sha1-OtkNXJ1FZjQg5apP9Y2/TjYlQZo="],

    "node-addon-api": ["node-addon-api@8.5.0", "https://pkgs.dev.azure.com/childrensal/_packaging/COA-NPM-Packages/npm/registry/node-addon-api/-/node-addon-api-8.5.0.tgz", {}, "sha1-yRstdoL6RX0uHDiBUPDf+ar7jz8="],

    "node-gyp-build": ["node-gyp-build@4.8.4", "https://pkgs.dev.azure.com/childrensal/_packaging/COA-NPM-Packages/npm/registry/node-gyp-build/-/node-gyp-build-4.8.4.tgz", { "bin": { "node-gyp-build": "./bin.js", "node-gyp-build-optional": "./optional.js", "node-gyp-build-test": "./build-test.js" } }, "sha1-inDuhUZK5SMndyqQ1mxgd6kAz8g="],

    "normalize-path": ["normalize-path@3.0.0", "https://pkgs.dev.azure.com/childrensal/_packaging/COA-NPM-Packages/npm/registry/normalize-path/-/normalize-path-3.0.0.tgz", {}, "sha1-Dc1p/yOhybEf0JeDFmRKA4ghamU="],

    "object-assign": ["object-assign@4.1.1", "https://pkgs.dev.azure.com/childrensal/_packaging/COA-NPM-Packages/npm/registry/object-assign/-/object-assign-4.1.1.tgz", {}, "sha1-IQmtx5ZYh8/AXLvUQsrIv7s2CGM="],

    "object-inspect": ["object-inspect@1.13.4", "https://pkgs.dev.azure.com/childrensal/_packaging/COA-NPM-Packages/npm/registry/object-inspect/-/object-inspect-1.13.4.tgz", {}, "sha1-g3UmXiG8IND6WCwi4bE0hdbgAhM="],

    "on-finished": ["on-finished@2.4.1", "https://pkgs.dev.azure.com/childrensal/_packaging/COA-NPM-Packages/npm/registry/on-finished/-/on-finished-2.4.1.tgz", { "dependencies": { "ee-first": "1.1.1" } }, "sha1-WMjEQRblSEWtV/FKsQsDUzGErD8="],

    "once": ["once@1.4.0", "https://pkgs.dev.azure.com/childrensal/_packaging/COA-NPM-Packages/npm/registry/once/-/once-1.4.0.tgz", { "dependencies": { "wrappy": "1" } }, "sha1-WDsap3WWHUsROsF9nFC6753Xa9E="],

    "parseurl": ["parseurl@1.3.3", "https://pkgs.dev.azure.com/childrensal/_packaging/COA-NPM-Packages/npm/registry/parseurl/-/parseurl-1.3.3.tgz", {}, "sha1-naGee+6NEt/wUT7Vt2lXeTvC6NQ="],

    "path-key": ["path-key@3.1.1", "https://pkgs.dev.azure.com/childrensal/_packaging/COA-NPM-Packages/npm/registry/path-key/-/path-key-3.1.1.tgz", {}, "sha1-WB9q3mWMu6ZaDTOA3ndTKVBU83U="],

    "path-to-regexp": ["path-to-regexp@8.3.0", "https://pkgs.dev.azure.com/childrensal/_packaging/COA-NPM-Packages/npm/registry/path-to-regexp/-/path-to-regexp-8.3.0.tgz", {}, "sha1-qoGKaYH5kyEAOgiYfTzsnDR0zR8="],

    "picomatch": ["picomatch@2.3.1", "https://pkgs.dev.azure.com/childrensal/_packaging/COA-NPM-Packages/npm/registry/picomatch/-/picomatch-2.3.1.tgz", {}, "sha1-O6ODNzNkbZ0+SZWUbBNlpn+wekI="],

    "pkce-challenge": ["pkce-challenge@5.0.0", "https://pkgs.dev.azure.com/childrensal/_packaging/COA-NPM-Packages/npm/registry/pkce-challenge/-/pkce-challenge-5.0.0.tgz", {}, "sha1-w6QFy0nicglKOOiQorUdoCKMTZc="],

    "prebuild-install": ["prebuild-install@7.1.3", "https://pkgs.dev.azure.com/childrensal/_packaging/COA-NPM-Packages/npm/registry/prebuild-install/-/prebuild-install-7.1.3.tgz", { "dependencies": { "detect-libc": "^2.0.0", "expand-template": "^2.0.3", "github-from-package": "0.0.0", "minimist": "^1.2.3", "mkdirp-classic": "^0.5.3", "napi-build-utils": "^2.0.0", "node-abi": "^3.3.0", "pump": "^3.0.0", "rc": "^1.2.7", "simple-get": "^4.0.0", "tar-fs": "^2.0.0", "tunnel-agent": "^0.6.0" }, "bin": { "prebuild-install": "bin.js" } }, "sha1-1jCrrSsUdEPyCiEpF76uaLgJLuw="],

    "proxy-addr": ["proxy-addr@2.0.7", "https://pkgs.dev.azure.com/childrensal/_packaging/COA-NPM-Packages/npm/registry/proxy-addr/-/proxy-addr-2.0.7.tgz", { "dependencies": { "forwarded": "0.2.0", "ipaddr.js": "1.9.1" } }, "sha1-8Z/mnOqzEe65S0LnDowgcPm6ECU="],

    "pump": ["pump@3.0.3", "https://pkgs.dev.azure.com/childrensal/_packaging/COA-NPM-Packages/npm/registry/pump/-/pump-3.0.3.tgz", { "dependencies": { "end-of-stream": "^1.1.0", "once": "^1.3.1" } }, "sha1-FR2XnxopZo3AAl7FiaRVtTKCJo0="],

    "punycode": ["punycode@2.3.1", "https://pkgs.dev.azure.com/childrensal/_packaging/COA-NPM-Packages/npm/registry/punycode/-/punycode-2.3.1.tgz", {}, "sha1-AnQi4vrsCyXhVJw+G9gwm5EztuU="],

    "qs": ["qs@6.14.0", "https://pkgs.dev.azure.com/childrensal/_packaging/COA-NPM-Packages/npm/registry/qs/-/qs-6.14.0.tgz", { "dependencies": { "side-channel": "^1.1.0" } }, "sha1-xj+kBoDSxclBQSoOiZyJr2DAqTA="],

    "range-parser": ["range-parser@1.2.1", "https://pkgs.dev.azure.com/childrensal/_packaging/COA-NPM-Packages/npm/registry/range-parser/-/range-parser-1.2.1.tgz", {}, "sha1-PPNwI9GZ4cJNGlW4SADC8+ZGgDE="],

    "raw-body": ["raw-body@3.0.1", "https://pkgs.dev.azure.com/childrensal/_packaging/COA-NPM-Packages/npm/registry/raw-body/-/raw-body-3.0.1.tgz", { "dependencies": { "bytes": "3.1.2", "http-errors": "2.0.0", "iconv-lite": "0.7.0", "unpipe": "1.0.0" } }, "sha1-ztXNead7uwSW1wfyoPnhrjrs3LE="],

    "rc": ["rc@1.2.8", "https://pkgs.dev.azure.com/childrensal/_packaging/COA-NPM-Packages/npm/registry/rc/-/rc-1.2.8.tgz", { "dependencies": { "deep-extend": "^0.6.0", "ini": "~1.3.0", "minimist": "^1.2.0", "strip-json-comments": "~2.0.1" }, "bin": { "rc": "./cli.js" } }, "sha1-zZJL9SAKB1uDwYjNa54hG3/A0+0="],

    "readable-stream": ["readable-stream@3.6.2", "https://pkgs.dev.azure.com/childrensal/_packaging/COA-NPM-Packages/npm/registry/readable-stream/-/readable-stream-3.6.2.tgz", { "dependencies": { "inherits": "^2.0.3", "string_decoder": "^1.1.1", "util-deprecate": "^1.0.1" } }, "sha1-VqmzbqllwAxak+8x6xEaDxEFaWc="],

    "readdirp": ["readdirp@3.6.0", "https://pkgs.dev.azure.com/childrensal/_packaging/COA-NPM-Packages/npm/registry/readdirp/-/readdirp-3.6.0.tgz", { "dependencies": { "picomatch": "^2.2.1" } }, "sha1-dKNwvYVxFuJFspzJc0DNQxoCpsc="],

    "router": ["router@2.2.0", "https://pkgs.dev.azure.com/childrensal/_packaging/COA-NPM-Packages/npm/registry/router/-/router-2.2.0.tgz", { "dependencies": { "debug": "^4.4.0", "depd": "^2.0.0", "is-promise": "^4.0.0", "parseurl": "^1.3.3", "path-to-regexp": "^8.0.0" } }, "sha1-AZvmILcRyHZBFnzHm5kJDwCxRu8="],

    "safe-buffer": ["safe-buffer@5.2.1", "https://pkgs.dev.azure.com/childrensal/_packaging/COA-NPM-Packages/npm/registry/safe-buffer/-/safe-buffer-5.2.1.tgz", {}, "sha1-Hq+fqb2x/dTsdfWPnNtOa3gn7sY="],

    "safer-buffer": ["safer-buffer@2.1.2", "https://pkgs.dev.azure.com/childrensal/_packaging/COA-NPM-Packages/npm/registry/safer-buffer/-/safer-buffer-2.1.2.tgz", {}, "sha1-RPoWGwGHuVSd2Eu5GAL5vYOFzWo="],

    "semver": ["semver@7.7.2", "https://pkgs.dev.azure.com/childrensal/_packaging/COA-NPM-Packages/npm/registry/semver/-/semver-7.7.2.tgz", { "bin": { "semver": "bin/semver.js" } }, "sha1-Z9mf3NNc7CHm+Lh6f9UVoz+YK1g="],

    "send": ["send@1.2.0", "https://pkgs.dev.azure.com/childrensal/_packaging/COA-NPM-Packages/npm/registry/send/-/send-1.2.0.tgz", { "dependencies": { "debug": "^4.3.5", "encodeurl": "^2.0.0", "escape-html": "^1.0.3", "etag": "^1.8.1", "fresh": "^2.0.0", "http-errors": "^2.0.0", "mime-types": "^3.0.1", "ms": "^2.1.3", "on-finished": "^2.4.1", "range-parser": "^1.2.1", "statuses": "^2.0.1" } }, "sha1-MqdVT7d3uDHfqCg3D3c6OAjTchI="],

    "serve-static": ["serve-static@2.2.0", "https://pkgs.dev.azure.com/childrensal/_packaging/COA-NPM-Packages/npm/registry/serve-static/-/serve-static-2.2.0.tgz", { "dependencies": { "encodeurl": "^2.0.0", "escape-html": "^1.0.3", "parseurl": "^1.3.3", "send": "^1.2.0" } }, "sha1-nAJWTuJZvdIlG4LWWaLn4ZONZvk="],

    "setprototypeof": ["setprototypeof@1.2.0", "https://pkgs.dev.azure.com/childrensal/_packaging/COA-NPM-Packages/npm/registry/setprototypeof/-/setprototypeof-1.2.0.tgz", {}, "sha1-ZsmiSnP5/CjL5msJ/tPTPcrxtCQ="],

    "shebang-command": ["shebang-command@2.0.0", "https://pkgs.dev.azure.com/childrensal/_packaging/COA-NPM-Packages/npm/registry/shebang-command/-/shebang-command-2.0.0.tgz", { "dependencies": { "shebang-regex": "^3.0.0" } }, "sha1-zNCvT4g1+9wmW4JGGq8MNmY/NOo="],

    "shebang-regex": ["shebang-regex@3.0.0", "https://pkgs.dev.azure.com/childrensal/_packaging/COA-NPM-Packages/npm/registry/shebang-regex/-/shebang-regex-3.0.0.tgz", {}, "sha1-rhbxZE2HPsrYQ7AwexQzYtTEIXI="],

    "side-channel": ["side-channel@1.1.0", "https://pkgs.dev.azure.com/childrensal/_packaging/COA-NPM-Packages/npm/registry/side-channel/-/side-channel-1.1.0.tgz", { "dependencies": { "es-errors": "^1.3.0", "object-inspect": "^1.13.3", "side-channel-list": "^1.0.0", "side-channel-map": "^1.0.1", "side-channel-weakmap": "^1.0.2" } }, "sha1-w/z/nE2pMnhIczNeyXZfqU/2a8k="],

    "side-channel-list": ["side-channel-list@1.0.0", "https://pkgs.dev.azure.com/childrensal/_packaging/COA-NPM-Packages/npm/registry/side-channel-list/-/side-channel-list-1.0.0.tgz", { "dependencies": { "es-errors": "^1.3.0", "object-inspect": "^1.13.3" } }, "sha1-EMtZhCYxFdO3oOM2WR4pCoMK+K0="],

    "side-channel-map": ["side-channel-map@1.0.1", "https://pkgs.dev.azure.com/childrensal/_packaging/COA-NPM-Packages/npm/registry/side-channel-map/-/side-channel-map-1.0.1.tgz", { "dependencies": { "call-bound": "^1.0.2", "es-errors": "^1.3.0", "get-intrinsic": "^1.2.5", "object-inspect": "^1.13.3" } }, "sha1-1rtrN5Asb+9RdOX1M/q0xzKib0I="],

    "side-channel-weakmap": ["side-channel-weakmap@1.0.2", "https://pkgs.dev.azure.com/childrensal/_packaging/COA-NPM-Packages/npm/registry/side-channel-weakmap/-/side-channel-weakmap-1.0.2.tgz", { "dependencies": { "call-bound": "^1.0.2", "es-errors": "^1.3.0", "get-intrinsic": "^1.2.5", "object-inspect": "^1.13.3", "side-channel-map": "^1.0.1" } }, "sha1-Ed2hnVNo5Azp7CvcH7DsvAeQ7Oo="],

    "simple-concat": ["simple-concat@1.0.1", "https://pkgs.dev.azure.com/childrensal/_packaging/COA-NPM-Packages/npm/registry/simple-concat/-/simple-concat-1.0.1.tgz", {}, "sha1-9Gl2CCujXCJj8cirXt/ibEHJVS8="],

    "simple-get": ["simple-get@4.0.1", "https://pkgs.dev.azure.com/childrensal/_packaging/COA-NPM-Packages/npm/registry/simple-get/-/simple-get-4.0.1.tgz", { "dependencies": { "decompress-response": "^6.0.0", "once": "^1.3.1", "simple-concat": "^1.0.0" } }, "sha1-SjnbVJKHyXnTUhEvoD/Zn9a8NUM="],

    "statuses": ["statuses@2.0.1", "https://pkgs.dev.azure.com/childrensal/_packaging/COA-NPM-Packages/npm/registry/statuses/-/statuses-2.0.1.tgz", {}, "sha1-VcsADM8dSHKL0jxoWgY5mM8aG2M="],

    "string_decoder": ["string_decoder@1.3.0", "https://pkgs.dev.azure.com/childrensal/_packaging/COA-NPM-Packages/npm/registry/string_decoder/-/string_decoder-1.3.0.tgz", { "dependencies": { "safe-buffer": "~5.2.0" } }, "sha1-QvEUWUpGzxqOMLCoT1bHjD7awh4="],

    "strip-json-comments": ["strip-json-comments@2.0.1", "https://pkgs.dev.azure.com/childrensal/_packaging/COA-NPM-Packages/npm/registry/strip-json-comments/-/strip-json-comments-2.0.1.tgz", {}, "sha1-PFMZQukIwml8DsNEhYwobHygpgo="],

    "tar-fs": ["tar-fs@2.1.4", "https://pkgs.dev.azure.com/childrensal/_packaging/COA-NPM-Packages/npm/registry/tar-fs/-/tar-fs-2.1.4.tgz", { "dependencies": { "chownr": "^1.1.1", "mkdirp-classic": "^0.5.2", "pump": "^3.0.0", "tar-stream": "^2.1.4" } }, "sha1-gAgk2/TvBt7Zr+pKyv5xxnx2uTA="],

    "tar-stream": ["tar-stream@2.2.0", "https://pkgs.dev.azure.com/childrensal/_packaging/COA-NPM-Packages/npm/registry/tar-stream/-/tar-stream-2.2.0.tgz", { "dependencies": { "bl": "^4.0.3", "end-of-stream": "^1.4.1", "fs-constants": "^1.0.0", "inherits": "^2.0.3", "readable-stream": "^3.1.1" } }, "sha1-rK2EwoQTawYNw/qmRHSqmuvXcoc="],

    "to-regex-range": ["to-regex-range@5.0.1", "https://pkgs.dev.azure.com/childrensal/_packaging/COA-NPM-Packages/npm/registry/to-regex-range/-/to-regex-range-5.0.1.tgz", { "dependencies": { "is-number": "^7.0.0" } }, "sha1-FkjESq58jZiKMmAY7XL1tN0DkuQ="],

    "toidentifier": ["toidentifier@1.0.1", "https://pkgs.dev.azure.com/childrensal/_packaging/COA-NPM-Packages/npm/registry/toidentifier/-/toidentifier-1.0.1.tgz", {}, "sha1-O+NDIaiKgg7RvYDfqjPkefu43TU="],

    "tree-sitter": ["tree-sitter@0.20.6", "https://pkgs.dev.azure.com/childrensal/_packaging/COA-NPM-Packages/npm/registry/tree-sitter/-/tree-sitter-0.20.6.tgz", { "dependencies": { "nan": "^2.18.0", "prebuild-install": "^7.1.1" } }, "sha1-/sUuXXzGxYMTV1ZHnyRA3YmyXL4="],

    "tree-sitter-c": ["tree-sitter-c@0.23.6", "https://pkgs.dev.azure.com/childrensal/_packaging/COA-NPM-Packages/npm/registry/tree-sitter-c/-/tree-sitter-c-0.23.6.tgz", { "dependencies": { "node-addon-api": "^8.3.0", "node-gyp-build": "^4.8.4" }, "peerDependencies": { "tree-sitter": "^0.22.1" }, "optionalPeers": ["tree-sitter"] }, "sha1-YqemmkF8vwIvqXqNX34q+1cS3Ps="],

    "tree-sitter-c-sharp": ["tree-sitter-c-sharp@0.23.1", "https://pkgs.dev.azure.com/childrensal/_packaging/COA-NPM-Packages/npm/registry/tree-sitter-c-sharp/-/tree-sitter-c-sharp-0.23.1.tgz", { "dependencies": { "node-addon-api": "^8.2.2", "node-gyp-build": "^4.8.2" }, "peerDependencies": { "tree-sitter": "^0.21.1" }, "optionalPeers": ["tree-sitter"] }, "sha1-iw0zbeXaoss7OWi4KXzjv5VoxM4="],

    "tree-sitter-cli": ["tree-sitter-cli@0.23.2", "https://pkgs.dev.azure.com/childrensal/_packaging/COA-NPM-Packages/npm/registry/tree-sitter-cli/-/tree-sitter-cli-0.23.2.tgz", { "bin": { "tree-sitter": "cli.js" } }, "sha1-DQChGTv6LPIsZSx+NHbZzk6/biw="],

    "tree-sitter-cpp": ["tree-sitter-cpp@0.23.4", "https://pkgs.dev.azure.com/childrensal/_packaging/COA-NPM-Packages/npm/registry/tree-sitter-cpp/-/tree-sitter-cpp-0.23.4.tgz", { "dependencies": { "node-addon-api": "^8.2.1", "node-gyp-build": "^4.8.2", "tree-sitter-c": "^0.23.1" }, "peerDependencies": { "tree-sitter": "^0.21.1" }, "optionalPeers": ["tree-sitter"] }, "sha1-9A3Rj2FUASo1fpkbdX4FHPEcqY8="],

    "tree-sitter-css": ["tree-sitter-css@0.23.2", "https://pkgs.dev.azure.com/childrensal/_packaging/COA-NPM-Packages/npm/registry/tree-sitter-css/-/tree-sitter-css-0.23.2.tgz", { "dependencies": { "node-addon-api": "^8.2.2", "node-gyp-build": "^4.8.2" }, "peerDependencies": { "tree-sitter": "^0.22.4" }, "optionalPeers": ["tree-sitter"] }, "sha1-k9Fy9rFZYaympxeFYNP0+djsevU="],

    "tree-sitter-go": ["tree-sitter-go@0.23.4", "https://pkgs.dev.azure.com/childrensal/_packaging/COA-NPM-Packages/npm/registry/tree-sitter-go/-/tree-sitter-go-0.23.4.tgz", { "dependencies": { "node-addon-api": "^8.2.1", "node-gyp-build": "^4.8.2" }, "peerDependencies": { "tree-sitter": "^0.21.1" }, "optionalPeers": ["tree-sitter"] }, "sha1-C+0U2ccefcUsB1fBBKpPvyFxOb8="],

    "tree-sitter-html": ["tree-sitter-html@0.23.2", "https://pkgs.dev.azure.com/childrensal/_packaging/COA-NPM-Packages/npm/registry/tree-sitter-html/-/tree-sitter-html-0.23.2.tgz", { "dependencies": { "node-addon-api": "^8.2.2", "node-gyp-build": "^4.8.2" }, "peerDependencies": { "tree-sitter": "^0.21.1" }, "optionalPeers": ["tree-sitter"] }, "sha1-fjIz7Jt1slTOV0R/u4IPhIUo5TY="],

    "tree-sitter-java": ["tree-sitter-java@0.23.5", "https://pkgs.dev.azure.com/childrensal/_packaging/COA-NPM-Packages/npm/registry/tree-sitter-java/-/tree-sitter-java-0.23.5.tgz", { "dependencies": { "node-addon-api": "^8.2.2", "node-gyp-build": "^4.8.2" }, "peerDependencies": { "tree-sitter": "^0.21.1" }, "optionalPeers": ["tree-sitter"] }, "sha1-+xUP2qnIUrPXG6MUQQkAisakesI="],

    "tree-sitter-javascript": ["tree-sitter-javascript@0.25.0", "https://pkgs.dev.azure.com/childrensal/_packaging/COA-NPM-Packages/npm/registry/tree-sitter-javascript/-/tree-sitter-javascript-0.25.0.tgz", { "dependencies": { "node-addon-api": "^8.3.1", "node-gyp-build": "^4.8.4" }, "peerDependencies": { "tree-sitter": "^0.25.0" }, "optionalPeers": ["tree-sitter"] }, "sha1-LjNrjxKOboVAHrZ2Z9/YfPzxU+g="],

    "tree-sitter-kotlin": ["tree-sitter-kotlin@0.3.8", "https://pkgs.dev.azure.com/childrensal/_packaging/COA-NPM-Packages/npm/registry/tree-sitter-kotlin/-/tree-sitter-kotlin-0.3.8.tgz", { "dependencies": { "node-addon-api": "^7.1.0", "node-gyp-build": "^4.8.0" }, "peerDependencies": { "tree-sitter": "^0.21.0" } }, "sha1-nLP7yUde8WRcMoLOw75y/WMlwk4="],

    "tree-sitter-php": ["tree-sitter-php@0.23.12", "https://pkgs.dev.azure.com/childrensal/_packaging/COA-NPM-Packages/npm/registry/tree-sitter-php/-/tree-sitter-php-0.23.12.tgz", { "dependencies": { "node-addon-api": "^8.2.2", "node-gyp-build": "^4.8.2" }, "peerDependencies": { "tree-sitter": "^0.21.1" }, "optionalPeers": ["tree-sitter"] }, "sha1-+RrElpsw7EBuNh15yZN4SOLZeZs="],

    "tree-sitter-python": ["tree-sitter-python@0.23.6", "https://pkgs.dev.azure.com/childrensal/_packaging/COA-NPM-Packages/npm/registry/tree-sitter-python/-/tree-sitter-python-0.23.6.tgz", { "dependencies": { "node-addon-api": "^8.3.0", "node-gyp-build": "^4.8.4" }, "peerDependencies": { "tree-sitter": "^0.22.1" }, "optionalPeers": ["tree-sitter"] }, "sha1-gH5QxBWnYcYTYU+QJDL1Y+hbUbY="],

    "tree-sitter-regex": ["tree-sitter-regex@0.23.0", "https://pkgs.dev.azure.com/childrensal/_packaging/COA-NPM-Packages/npm/registry/tree-sitter-regex/-/tree-sitter-regex-0.23.0.tgz", { "dependencies": { "node-addon-api": "^8.1.0", "node-gyp-build": "^4.8.2" }, "peerDependencies": { "tree-sitter": "^0.21.0" } }, "sha1-YZ+YhJjCGPnZUdeRF7kxktDZ5ac="],

    "tree-sitter-ruby": ["tree-sitter-ruby@0.23.1", "https://pkgs.dev.azure.com/childrensal/_packaging/COA-NPM-Packages/npm/registry/tree-sitter-ruby/-/tree-sitter-ruby-0.23.1.tgz", { "dependencies": { "node-addon-api": "^8.2.2", "node-gyp-build": "^4.8.2" }, "peerDependencies": { "tree-sitter": "^0.21.1" }, "optionalPeers": ["tree-sitter"] }, "sha1-4PVmtU18dJu28G+D1MQIf15uLJU="],

    "tree-sitter-rust": ["tree-sitter-rust@0.24.0", "https://pkgs.dev.azure.com/childrensal/_packaging/COA-NPM-Packages/npm/registry/tree-sitter-rust/-/tree-sitter-rust-0.24.0.tgz", { "dependencies": { "node-addon-api": "^8.2.2", "node-gyp-build": "^4.8.4" }, "peerDependencies": { "tree-sitter": "^0.22.1" }, "optionalPeers": ["tree-sitter"] }, "sha1-7+kQQFKuAi6Y0s0wAYWHvQXOAfM="],

    "tree-sitter-swift": ["tree-sitter-swift@0.7.1", "https://pkgs.dev.azure.com/childrensal/_packaging/COA-NPM-Packages/npm/registry/tree-sitter-swift/-/tree-sitter-swift-0.7.1.tgz", { "dependencies": { "node-addon-api": "^8.0.0", "node-gyp-build": "^4.8.0", "tree-sitter-cli": "^0.23", "which": "2.0.2" }, "peerDependencies": { "tree-sitter": "^0.22.1" } }, "sha1-57QUAtvCn8OodBeTUT56Dz41zFU="],

    "tree-sitter-typescript": ["tree-sitter-typescript@0.23.2", "https://pkgs.dev.azure.com/childrensal/_packaging/COA-NPM-Packages/npm/registry/tree-sitter-typescript/-/tree-sitter-typescript-0.23.2.tgz", { "dependencies": { "node-addon-api": "^8.2.2", "node-gyp-build": "^4.8.2", "tree-sitter-javascript": "^0.23.1" }, "peerDependencies": { "tree-sitter": "^0.21.0" }, "optionalPeers": ["tree-sitter"] }, "sha1-cLxhWi9mSo6ch8UzOCvspYfyirM="],

    "tree-sitter-vue": ["tree-sitter-vue@0.2.1", "https://pkgs.dev.azure.com/childrensal/_packaging/COA-NPM-Packages/npm/registry/tree-sitter-vue/-/tree-sitter-vue-0.2.1.tgz", { "dependencies": { "nan": "^2.14.0" } }, "sha1-zHB4pn+YR0V7WDAwB2036UaN5eY="],

    "tunnel-agent": ["tunnel-agent@0.6.0", "https://pkgs.dev.azure.com/childrensal/_packaging/COA-NPM-Packages/npm/registry/tunnel-agent/-/tunnel-agent-0.6.0.tgz", { "dependencies": { "safe-buffer": "^5.0.1" } }, "sha1-J6XeoGs2sEoKmWZ3SykIaPD8QP0="],

    "type-is": ["type-is@2.0.1", "https://pkgs.dev.azure.com/childrensal/_packaging/COA-NPM-Packages/npm/registry/type-is/-/type-is-2.0.1.tgz", { "dependencies": { "content-type": "^1.0.5", "media-typer": "^1.1.0", "mime-types": "^3.0.0" } }, "sha1-ZPbPA/kvzkAVwrIkeT9r3UsGjJc="],

    "undici-types": ["undici-types@7.12.0", "https://pkgs.dev.azure.com/childrensal/_packaging/COA-NPM-Packages/npm/registry/undici-types/-/undici-types-7.12.0.tgz", {}, "sha1-FcXHR1wqO6MGWVKfXNtGdLYi+vs="],

    "unpipe": ["unpipe@1.0.0", "https://pkgs.dev.azure.com/childrensal/_packaging/COA-NPM-Packages/npm/registry/unpipe/-/unpipe-1.0.0.tgz", {}, "sha1-sr9O6FFKrmFltIF4KdIbLvSZBOw="],

    "uri-js": ["uri-js@4.4.1", "https://pkgs.dev.azure.com/childrensal/_packaging/COA-NPM-Packages/npm/registry/uri-js/-/uri-js-4.4.1.tgz", { "dependencies": { "punycode": "^2.1.0" } }, "sha1-mxpSWVIlhZ5V9mnZKPiMbFfyp34="],

    "util-deprecate": ["util-deprecate@1.0.2", "https://pkgs.dev.azure.com/childrensal/_packaging/COA-NPM-Packages/npm/registry/util-deprecate/-/util-deprecate-1.0.2.tgz", {}, "sha1-RQ1Nyfpw3nMnYvvS1KKJgUGaDM8="],

    "vary": ["vary@1.1.2", "https://pkgs.dev.azure.com/childrensal/_packaging/COA-NPM-Packages/npm/registry/vary/-/vary-1.1.2.tgz", {}, "sha1-IpnwLG3tMNSllhsLn3RSShj2NPw="],

    "web-tree-sitter": ["web-tree-sitter@0.25.9", "https://pkgs.dev.azure.com/childrensal/_packaging/COA-NPM-Packages/npm/registry/web-tree-sitter/-/web-tree-sitter-0.25.9.tgz", { "peerDependencies": { "@types/emscripten": "^1.40.0" }, "optionalPeers": ["@types/emscripten"] }, "sha1-VV/xdq85beceRxDWKwupsmB/39U="],

    "which": ["which@2.0.2", "https://pkgs.dev.azure.com/childrensal/_packaging/COA-NPM-Packages/npm/registry/which/-/which-2.0.2.tgz", { "dependencies": { "isexe": "^2.0.0" }, "bin": { "node-which": "./bin/node-which" } }, "sha1-fGqN0KY2oDJ+ELWckobu6T8/UbE="],

    "wrappy": ["wrappy@1.0.2", "https://pkgs.dev.azure.com/childrensal/_packaging/COA-NPM-Packages/npm/registry/wrappy/-/wrappy-1.0.2.tgz", {}, "sha1-tSQ9jz7BqjXxNkYFvA0QNuMKtp8="],

    "zod": ["zod@4.1.9", "https://pkgs.dev.azure.com/childrensal/_packaging/COA-NPM-Packages/npm/registry/zod/-/zod-4.1.9.tgz", {}, "sha1-wDoN2xD1V48T+PcPGVn4n9CcHAY="],

    "zod-to-json-schema": ["zod-to-json-schema@3.24.6", "https://pkgs.dev.azure.com/childrensal/_packaging/COA-NPM-Packages/npm/registry/zod-to-json-schema/-/zod-to-json-schema-3.24.6.tgz", { "peerDependencies": { "zod": "^3.24.1" } }, "sha1-WSDwIMTSZH7fu5VPoDYIK5LJ4S0="],

    "@modelcontextprotocol/sdk/zod": ["zod@3.25.76", "https://pkgs.dev.azure.com/childrensal/_packaging/COA-NPM-Packages/npm/registry/zod/-/zod-3.25.76.tgz", {}, "sha1-JoQcP2/SKmonYOfMtxkXl2hHHjQ="],

    "body-parser/iconv-lite": ["iconv-lite@0.6.3", "https://pkgs.dev.azure.com/childrensal/_packaging/COA-NPM-Packages/npm/registry/iconv-lite/-/iconv-lite-0.6.3.tgz", { "dependencies": { "safer-buffer": ">= 2.1.2 < 3.0.0" } }, "sha1-pS+AvzjaGVLrXGgXkHGYcaGnJQE="],

    "tree-sitter-kotlin/node-addon-api": ["node-addon-api@7.1.1", "https://pkgs.dev.azure.com/childrensal/_packaging/COA-NPM-Packages/npm/registry/node-addon-api/-/node-addon-api-7.1.1.tgz", {}, "sha1-Grpmk7DyVSWKBJ1iEykykyKq1Vg="],

    "tree-sitter-typescript/tree-sitter-javascript": ["tree-sitter-javascript@0.23.1", "https://pkgs.dev.azure.com/childrensal/_packaging/COA-NPM-Packages/npm/registry/tree-sitter-javascript/-/tree-sitter-javascript-0.23.1.tgz", { "dependencies": { "node-addon-api": "^8.2.2", "node-gyp-build": "^4.8.2" }, "peerDependencies": { "tree-sitter": "^0.21.1" }, "optionalPeers": ["tree-sitter"] }, "sha1-Tkn6OtX5lrOsXPT3jWxd2HZ4j68="],
  }
}
