<Solution>
  <Folder Name="/src/">
    <Project Path="src/Miller.Core/Miller.Core.csproj" />
    <Project Path="src/Miller.Dashboard/Miller.Dashboard.csproj" />
    <Project Path="src/Miller.Indexing/Miller.Indexing.csproj" />
    <Project Path="src/Miller.Server/Miller.Server.csproj" />
    <Project Path="src/Miller.Testing/Miller.Testing.csproj" />
  </Folder>
  <Folder Name="/tests/">
    <Project Path="tests/Miller.Tests/Miller.Tests.csproj" />
  </Folder>
  <Folder Name="/eval/">
    <Project Path="eval/semantic-model-eval/Miller.SemanticModelEval.csproj" />
  </Folder>
  <Folder Name="/tools/">
    <Project Path="tools/Miller.SearchQuality/Miller.SearchQuality.csproj" />
  </Folder>
</Solution>
